
Microsoft Visual Studio Solution File, Format Version 12.00
# Visual Studio Version 16
VisualStudioVersion = 16.0.31624.102
MinimumVisualStudioVersion = 10.0.40219.1
Project("{FAE04EC0-301F-11D3-BF4B-00C04F79EFBC}") = "BlackJackk", "BlackJackk.csproj", "{F9212805-5D7D-4A90-855B-6836A94DF5D7}"
EndProject
Global
	GlobalSection(SolutionConfigurationPlatforms) = preSolution
		Debug|Any CPU = Debug|Any CPU
		Release|Any CPU = Release|Any CPU
	EndGlobalSection
	GlobalSection(ProjectConfigurationPlatforms) = postSolution
		{F9212805-5D7D-4A90-855B-6836A94DF5D7}.Debug|Any CPU.ActiveCfg = Debug|Any CPU
		{F9212805-5D7D-4A90-855B-6836A94DF5D7}.Debug|Any CPU.Build.0 = Debug|Any CPU
		{F9212805-5D7D-4A90-855B-6836A94DF5D7}.Release|Any CPU.ActiveCfg = Release|Any CPU
		{F9212805-5D7D-4A90-855B-6836A94DF5D7}.Release|Any CPU.Build.0 = Release|Any CPU
	EndGlobalSection
	GlobalSection(SolutionProperties) = preSolution
		HideSolutionNode = FALSE
	EndGlobalSection
	GlobalSection(ExtensibilityGlobals) = postSolution
		SolutionGuid = {5C39869B-27B5-4CC1-8673-CAA3CBA5FC49}
	EndGlobalSection
EndGlobal
